// !$*UTF8*$!
{
	archiveVersion = 1;
	classes = {
	};
	objectVersion = 48;
	objects = {

/* Begin PBXBuildFile section */
		BDB6EF4B1FD0EA4800262457 /* AppDelegate.swift in Sources */ = {isa = PBXBuildFile; fileRef = BDB6EF4A1FD0EA4800262457 /* AppDelegate.swift */; };
		BDB6EF4D1FD0EA4800262457 /* ViewController.swift in Sources */ = {isa = PBXBuildFile; fileRef = BDB6EF4C1FD0EA4800262457 /* ViewController.swift */; };
		BDB6EF501FD0EA4800262457 /* Main.storyboard in Resources */ = {isa = PBXBuildFile; fileRef = BDB6EF4E1FD0EA4800262457 /* Main.storyboard */; };
		BDB6EF521FD0EA4800262457 /* Assets.xcassets in Resources */ = {isa = PBXBuildFile; fileRef = BDB6EF511FD0EA4800262457 /* Assets.xcassets */; };
		BDB6EF551FD0EA4800262457 /* LaunchScreen.storyboard in Resources */ = {isa = PBXBuildFile; fileRef = BDB6EF531FD0EA4800262457 /* LaunchScreen.storyboard */; };
/* End PBXBuildFile section */

/* Begin PBXFileReference section */
		BDB6EF471FD0EA4800262457 /* EjemploAmbientes.app */ = {isa = PBXFileReference; explicitFileType = wrapper.application; includeInIndex = 0; path = EjemploAmbientes.app; sourceTree = BUILT_PRODUCTS_DIR; };
		BDB6EF4A1FD0EA4800262457 /* AppDelegate.swift */ = {isa = PBXFileReference; lastKnownFileType = sourcecode.swift; path = AppDelegate.swift; sourceTree = "<group>"; };
		BDB6EF4C1FD0EA4800262457 /* ViewController.swift */ = {isa = PBXFileReference; lastKnownFileType = sourcecode.swift; path = ViewController.swift; sourceTree = "<group>"; };
		BDB6EF4F1FD0EA4800262457 /* Base */ = {isa = PBXFileReference; lastKnownFileType = file.storyboard; name = Base; path = Base.lproj/Main.storyboard; sourceTree = "<group>"; };
		BDB6EF511FD0EA4800262457 /* Assets.xcassets */ = {isa = PBXFileReference; lastKnownFileType = folder.assetcatalog; path = Assets.xcassets; sourceTree = "<group>"; };
		BDB6EF541FD0EA4800262457 /* Base */ = {isa = PBXFileReference; lastKnownFileType = file.storyboard; name = Base; path = Base.lproj/LaunchScreen.storyboard; sourceTree = "<group>"; };
		BDB6EF561FD0EA4800262457 /* Info.plist */ = {isa = PBXFileReference; lastKnownFileType = text.plist.xml; path = Info.plist; sourceTree = "<group>"; };
/* End PBXFileReference section */

/* Begin PBXFrameworksBuildPhase section */
		BDB6EF441FD0EA4800262457 /* Frameworks */ = {
			isa = PBXFrameworksBuildPhase;
			buildActionMask = 2147483647;
			files = (
			);
			runOnlyForDeploymentPostprocessing = 0;
		};
/* End PBXFrameworksBuildPhase section */

/* Begin PBXGroup section */
		BDB6EF3E1FD0EA4800262457 = {
			isa = PBXGroup;
			children = (
				BDB6EF491FD0EA4800262457 /* EjemploAmbientes */,
				BDB6EF481FD0EA4800262457 /* Products */,
			);
			sourceTree = "<group>";
		};
		BDB6EF481FD0EA4800262457 /* Products */ = {
			isa = PBXGroup;
			children = (
				BDB6EF471FD0EA4800262457 /* EjemploAmbientes.app */,
			);
			name = Products;
			sourceTree = "<group>";
		};
		BDB6EF491FD0EA4800262457 /* EjemploAmbientes */ = {
			isa = PBXGroup;
			children = (
				BDB6EF4A1FD0EA4800262457 /* AppDelegate.swift */,
				BDB6EF4C1FD0EA4800262457 /* ViewController.swift */,
				BDB6EF4E1FD0EA4800262457 /* Main.storyboard */,
				BDB6EF511FD0EA4800262457 /* Assets.xcassets */,
				BDB6EF531FD0EA4800262457 /* LaunchScreen.storyboard */,
				BDB6EF561FD0EA4800262457 /* Info.plist */,
			);
			path = EjemploAmbientes;
			sourceTree = "<group>";
		};
/* End PBXGroup section */

/* Begin PBXNativeTarget section */
		BDB6EF461FD0EA4800262457 /* EjemploAmbientes */ = {
			isa = PBXNativeTarget;
			buildConfigurationList = BDB6EF591FD0EA4800262457 /* Build configuration list for PBXNativeTarget "EjemploAmbientes" */;
			buildPhases = (
				BDB6EF431FD0EA4800262457 /* Sources */,
				BDB6EF441FD0EA4800262457 /* Frameworks */,
				BDB6EF451FD0EA4800262457 /* Resources */,
			);
			buildRules = (
			);
			dependencies = (
			);
			name = EjemploAmbientes;
			productName = EjemploAmbientes;
			productReference = BDB6EF471FD0EA4800262457 /* EjemploAmbientes.app */;
			productType = "com.apple.product-type.application";
		};
/* End PBXNativeTarget section */

/* Begin PBXProject section */
		BDB6EF3F1FD0EA4800262457 /* Project object */ = {
			isa = PBXProject;
			attributes = {
				LastSwiftUpdateCheck = 0900;
				LastUpgradeCheck = 0900;
				ORGANIZATIONNAME = "Academia Moviles";
				TargetAttributes = {
					BDB6EF461FD0EA4800262457 = {
						CreatedOnToolsVersion = 9.0;
						ProvisioningStyle = Automatic;
					};
				};
			};
			buildConfigurationList = BDB6EF421FD0EA4800262457 /* Build configuration list for PBXProject "EjemploAmbientes" */;
			compatibilityVersion = "Xcode 8.0";
			developmentRegion = en;
			hasScannedForEncodings = 0;
			knownRegions = (
				en,
				Base,
			);
			mainGroup = BDB6EF3E1FD0EA4800262457;
			productRefGroup = BDB6EF481FD0EA4800262457 /* Products */;
			projectDirPath = "";
			projectRoot = "";
			targets = (
				BDB6EF461FD0EA4800262457 /* EjemploAmbientes */,
			);
		};
/* End PBXProject section */

/* Begin PBXResourcesBuildPhase section */
		BDB6EF451FD0EA4800262457 /* Resources */ = {
			isa = PBXResourcesBuildPhase;
			buildActionMask = 2147483647;
			files = (
				BDB6EF551FD0EA4800262457 /* LaunchScreen.storyboard in Resources */,
				BDB6EF521FD0EA4800262457 /* Assets.xcassets in Resources */,
				BDB6EF501FD0EA4800262457 /* Main.storyboard in Resources */,
			);
			runOnlyForDeploymentPostprocessing = 0;
		};
/* End PBXResourcesBuildPhase section */

/* Begin PBXSourcesBuildPhase section */
		BDB6EF431FD0EA4800262457 /* Sources */ = {
			isa = PBXSourcesBuildPhase;
			buildActionMask = 2147483647;
			files = (
				BDB6EF4D1FD0EA4800262457 /* ViewController.swift in Sources */,
				BDB6EF4B1FD0EA4800262457 /* AppDelegate.swift in Sources */,
			);
			runOnlyForDeploymentPostprocessing = 0;
		};
/* End PBXSourcesBuildPhase section */

/* Begin PBXVariantGroup section */
		BDB6EF4E1FD0EA4800262457 /* Main.storyboard */ = {
			isa = PBXVariantGroup;
			children = (
				BDB6EF4F1FD0EA4800262457 /* Base */,
			);
			name = Main.storyboard;
			sourceTree = "<group>";
		};
		BDB6EF531FD0EA4800262457 /* LaunchScreen.storyboard */ = {
			isa = PBXVariantGroup;
			children = (
				BDB6EF541FD0EA4800262457 /* Base */,
			);
			name = LaunchScreen.storyboard;
			sourceTree = "<group>";
		};
/* End PBXVariantGroup section */

/* Begin XCBuildConfiguration section */
		BDB6EF571FD0EA4800262457 /* Debug */ = {
			isa = XCBuildConfiguration;
			buildSettings = {
				ALWAYS_SEARCH_USER_PATHS = NO;
				CLANG_ANALYZER_NONNULL = YES;
				CLANG_ANALYZER_NUMBER_OBJECT_CONVERSION = YES_AGGRESSIVE;
				CLANG_CXX_LANGUAGE_STANDARD = "gnu++14";
				CLANG_CXX_LIBRARY = "libc++";
				CLANG_ENABLE_MODULES = YES;
				CLANG_ENABLE_OBJC_ARC = YES;
				CLANG_WARN_BLOCK_CAPTURE_AUTORELEASING = YES;
				CLANG_WARN_BOOL_CONVERSION = YES;
				CLANG_WARN_COMMA = YES;
				CLANG_WARN_CONSTANT_CONVERSION = YES;
				CLANG_WARN_DIRECT_OBJC_ISA_USAGE = YES_ERROR;
				CLANG_WARN_DOCUMENTATION_COMMENTS = YES;
				CLANG_WARN_EMPTY_BODY = YES;
				CLANG_WARN_ENUM_CONVERSION = YES;
				CLANG_WARN_INFINITE_RECURSION = YES;
				CLANG_WARN_INT_CONVERSION = YES;
				CLANG_WARN_NON_LITERAL_NULL_CONVERSION = YES;
				CLANG_WARN_OBJC_LITERAL_CONVERSION = YES;
				CLANG_WARN_OBJC_ROOT_CLASS = YES_ERROR;
				CLANG_WARN_RANGE_LOOP_ANALYSIS = YES;
				CLANG_WARN_STRICT_PROTOTYPES = YES;
				CLANG_WARN_SUSPICIOUS_MOVE = YES;
				CLANG_WARN_UNGUARDED_AVAILABILITY = YES_AGGRESSIVE;
				CLANG_WARN_UNREACHABLE_CODE = YES;
				CLANG_WARN__DUPLICATE_METHOD_MATCH = YES;
				CODE_SIGN_IDENTITY = "iPhone Developer";
				COPY_PHASE_STRIP = NO;
				DEBUG_INFORMATION_FORMAT = dwarf;
				ENABLE_STRICT_OBJC_MSGSEND = YES;
				ENABLE_TESTABILITY = YES;
				GCC_C_LANGUAGE_STANDARD = gnu11;
				GCC_DYNAMIC_NO_PIC = NO;
				GCC_NO_COMMON_BLOCKS = YES;
				GCC_OPTIMIZATION_LEVEL = 0;
				GCC_PREPROCESSOR_DEFINITIONS = (
					"DEBUG=1",
					"$(inherited)",
				);
				GCC_WARN_64_TO_32_BIT_CONVERSION = YES;
				GCC_WARN_ABOUT_RETURN_TYPE = YES_ERROR;
				GCC_WARN_UNDECLARED_SELECTOR = YES;
				GCC_WARN_UNINITIALIZED_AUTOS = YES_AGGRESSIVE;
				GCC_WARN_UNUSED_FUNCTION = YES;
				GCC_WARN_UNUSED_VARIABLE = YES;
				IPHONEOS_DEPLOYMENT_TARGET = 11.0;
				MTL_ENABLE_DEBUG_INFO = YES;
				ONLY_ACTIVE_ARCH = YES;
				SDKROOT = iphoneos;
				SWIFT_ACTIVE_COMPILATION_CONDITIONS = DEBUG;
				SWIFT_OPTIMIZATION_LEVEL = "-Onone";
			};
			name = Debug;
		};
		BDB6EF581FD0EA4800262457 /* Release */ = {
			isa = XCBuildConfiguration;
			buildSettings = {
				ALWAYS_SEARCH_USER_PATHS = NO;
				CLANG_ANALYZER_NONNULL = YES;
				CLANG_ANALYZER_NUMBER_OBJECT_CONVERSION = YES_AGGRESSIVE;
				CLANG_CXX_LANGUAGE_STANDARD = "gnu++14";
				CLANG_CXX_LIBRARY = "libc++";
				CLANG_ENABLE_MODULES = YES;
				CLANG_ENABLE_OBJC_ARC = YES;
				CLANG_WARN_BLOCK_CAPTURE_AUTORELEASING = YES;
				CLANG_WARN_BOOL_CONVERSION = YES;
				CLANG_WARN_COMMA = YES;
				CLANG_WARN_CONSTANT_CONVERSION = YES;
				CLANG_WARN_DIRECT_OBJC_ISA_USAGE = YES_ERROR;
				CLANG_WARN_DOCUMENTATION_COMMENTS = YES;
				CLANG_WARN_EMPTY_BODY = YES;
				CLANG_WARN_ENUM_CONVERSION = YES;
				CLANG_WARN_INFINITE_RECURSION = YES;
				CLANG_WARN_INT_CONVERSION = YES;
				CLANG_WARN_NON_LITERAL_NULL_CONVERSION = YES;
				CLANG_WARN_OBJC_LITERAL_CONVERSION = YES;
				CLANG_WARN_OBJC_ROOT_CLASS = YES_ERROR;
				CLANG_WARN_RANGE_LOOP_ANALYSIS = YES;
				CLANG_WARN_STRICT_PROTOTYPES = YES;
				CLANG_WARN_SUSPICIOUS_MOVE = YES;
				CLANG_WARN_UNGUARDED_AVAILABILITY = YES_AGGRESSIVE;
				CLANG_WARN_UNREACHABLE_CODE = YES;
				CLANG_WARN__DUPLICATE_METHOD_MATCH = YES;
				CODE_SIGN_IDENTITY = "iPhone Developer";
				COPY_PHASE_STRIP = NO;
				DEBUG_INFORMATION_FORMAT = "dwarf-with-dsym";
				ENABLE_NS_ASSERTIONS = NO;
				ENABLE_STRICT_OBJC_MSGSEND = YES;
				GCC_C_LANGUAGE_STANDARD = gnu11;
				GCC_NO_COMMON_BLOCKS = YES;
				GCC_WARN_64_TO_32_BIT_CONVERSION = YES;
				GCC_WARN_ABOUT_RETURN_TYPE = YES_ERROR;
				GCC_WARN_UNDECLARED_SELECTOR = YES;
				GCC_WARN_UNINITIALIZED_AUTOS = YES_AGGRESSIVE;
				GCC_WARN_UNUSED_FUNCTION = YES;
				GCC_WARN_UNUSED_VARIABLE = YES;
				IPHONEOS_DEPLOYMENT_TARGET = 11.0;
				MTL_ENABLE_DEBUG_INFO = NO;
				SDKROOT = iphoneos;
				SWIFT_OPTIMIZATION_LEVEL = "-Owholemodule";
				VALIDATE_PRODUCT = YES;
			};
			name = Release;
		};
		BDB6EF5A1FD0EA4800262457 /* Debug */ = {
			isa = XCBuildConfiguration;
			buildSettings = {
				ASSETCATALOG_COMPILER_APPICON_NAME = AppIcon;
				CODE_SIGN_STYLE = Automatic;
				INFOPLIST_FILE = EjemploAmbientes/Info.plist;
				LD_RUNPATH_SEARCH_PATHS = "$(inherited) @executable_path/Frameworks";
				PRODUCT_BUNDLE_IDENTIFIER = com.academiamoviles1.EjemploAmbientes;
				PRODUCT_NAME = "$(TARGET_NAME)";
				SWIFT_VERSION = 4.0;
				TARGETED_DEVICE_FAMILY = "1,2";
			};
			name = Debug;
		};
		BDB6EF5B1FD0EA4800262457 /* Release */ = {
			isa = XCBuildConfiguration;
			buildSettings = {
				ASSETCATALOG_COMPILER_APPICON_NAME = AppIcon;
				CODE_SIGN_STYLE = Automatic;
				INFOPLIST_FILE = EjemploAmbientes/Info.plist;
				LD_RUNPATH_SEARCH_PATHS = "$(inherited) @executable_path/Frameworks";
				PRODUCT_BUNDLE_IDENTIFIER = com.academiamoviles1.EjemploAmbientes;
				PRODUCT_NAME = "$(TARGET_NAME)";
				SWIFT_VERSION = 4.0;
				TARGETED_DEVICE_FAMILY = "1,2";
			};
			name = Release;
		};
/* End XCBuildConfiguration section */

/* Begin XCConfigurationList section */
		BDB6EF421FD0EA4800262457 /* Build configuration list for PBXProject "EjemploAmbientes" */ = {
			isa = XCConfigurationList;
			buildConfigurations = (
				BDB6EF571FD0EA4800262457 /* Debug */,
				BDB6EF581FD0EA4800262457 /* Release */,
			);
			defaultConfigurationIsVisible = 0;
			defaultConfigurationName = Release;
		};
		BDB6EF591FD0EA4800262457 /* Build configuration list for PBXNativeTarget "EjemploAmbientes" */ = {
			isa = XCConfigurationList;
			buildConfigurations = (
				BDB6EF5A1FD0EA4800262457 /* Debug */,
				BDB6EF5B1FD0EA4800262457 /* Release */,
			);
			defaultConfigurationIsVisible = 0;
			defaultConfigurationName = Release;
		};
/* End XCConfigurationList section */
	};
	rootObject = BDB6EF3F1FD0EA4800262457 /* Project object */;
}
